
Microsoft Visual Studio Solution File, Format Version 12.00
# Visual Studio 2012
Project("{FAE04EC0-301F-11D3-BF4B-00C04F79EFBC}") = "testo.Android", "testo.Android\testo.Android.csproj", "{98EA6D78-B787-4508-9DA1-4B31758DDD68}"
EndProject
Project("{FAE04EC0-301F-11D3-BF4B-00C04F79EFBC}") = "testo.iOS", "testo.iOS\testo.iOS.csproj", "{DD0194CC-3E45-4F56-B661-F81F1E2E32A6}"
EndProject
Project("{FAE04EC0-301F-11D3-BF4B-00C04F79EFBC}") = "testo", "testo\testo.csproj", "{D3C40BBB-36FE-440D-8411-C2A4D78ADF09}"
EndProject
Global
	GlobalSection(SolutionConfigurationPlatforms) = preSolution
		Debug|Any CPU = Debug|Any CPU
		Release|Any CPU = Release|Any CPU
		Debug|iPhoneSimulator = Debug|iPhoneSimulator
		Release|iPhoneSimulator = Release|iPhoneSimulator
		Debug|iPhone = Debug|iPhone
		Release|iPhone = Release|iPhone
		Ad-Hoc|iPhone = Ad-Hoc|iPhone
		AppStore|iPhone = AppStore|iPhone
	EndGlobalSection
	GlobalSection(ProjectConfigurationPlatforms) = postSolution
		{98EA6D78-B787-4508-9DA1-4B31758DDD68}.Debug|Any CPU.ActiveCfg = Debug|Any CPU
		{98EA6D78-B787-4508-9DA1-4B31758DDD68}.Debug|Any CPU.Build.0 = Debug|Any CPU
		{98EA6D78-B787-4508-9DA1-4B31758DDD68}.Release|Any CPU.ActiveCfg = Release|Any CPU
		{98EA6D78-B787-4508-9DA1-4B31758DDD68}.Release|Any CPU.Build.0 = Release|Any CPU
		{98EA6D78-B787-4508-9DA1-4B31758DDD68}.Debug|iPhoneSimulator.ActiveCfg = Debug|Any CPU
		{98EA6D78-B787-4508-9DA1-4B31758DDD68}.Debug|iPhoneSimulator.Build.0 = Debug|Any CPU
		{98EA6D78-B787-4508-9DA1-4B31758DDD68}.Release|iPhoneSimulator.ActiveCfg = Release|Any CPU
		{98EA6D78-B787-4508-9DA1-4B31758DDD68}.Release|iPhoneSimulator.Build.0 = Release|Any CPU
		{98EA6D78-B787-4508-9DA1-4B31758DDD68}.Debug|iPhone.ActiveCfg = Debug|Any CPU
		{98EA6D78-B787-4508-9DA1-4B31758DDD68}.Debug|iPhone.Build.0 = Debug|Any CPU
		{98EA6D78-B787-4508-9DA1-4B31758DDD68}.Release|iPhone.ActiveCfg = Release|Any CPU
		{98EA6D78-B787-4508-9DA1-4B31758DDD68}.Release|iPhone.Build.0 = Release|Any CPU
		{98EA6D78-B787-4508-9DA1-4B31758DDD68}.Ad-Hoc|iPhone.ActiveCfg = Debug|Any CPU
		{98EA6D78-B787-4508-9DA1-4B31758DDD68}.Ad-Hoc|iPhone.Build.0 = Debug|Any CPU
		{98EA6D78-B787-4508-9DA1-4B31758DDD68}.AppStore|iPhone.ActiveCfg = Debug|Any CPU
		{98EA6D78-B787-4508-9DA1-4B31758DDD68}.AppStore|iPhone.Build.0 = Debug|Any CPU
		{DD0194CC-3E45-4F56-B661-F81F1E2E32A6}.Debug|Any CPU.ActiveCfg = Debug|iPhoneSimulator
		{DD0194CC-3E45-4F56-B661-F81F1E2E32A6}.Debug|Any CPU.Build.0 = Debug|iPhoneSimulator
		{DD0194CC-3E45-4F56-B661-F81F1E2E32A6}.Release|Any CPU.ActiveCfg = Release|iPhoneSimulator
		{DD0194CC-3E45-4F56-B661-F81F1E2E32A6}.Release|Any CPU.Build.0 = Release|iPhoneSimulator
		{DD0194CC-3E45-4F56-B661-F81F1E2E32A6}.Debug|iPhoneSimulator.ActiveCfg = Debug|iPhoneSimulator
		{DD0194CC-3E45-4F56-B661-F81F1E2E32A6}.Debug|iPhoneSimulator.Build.0 = Debug|iPhoneSimulator
		{DD0194CC-3E45-4F56-B661-F81F1E2E32A6}.Release|iPhoneSimulator.ActiveCfg = Release|iPhoneSimulator
		{DD0194CC-3E45-4F56-B661-F81F1E2E32A6}.Release|iPhoneSimulator.Build.0 = Release|iPhoneSimulator
		{DD0194CC-3E45-4F56-B661-F81F1E2E32A6}.Debug|iPhone.ActiveCfg = Debug|iPhone
		{DD0194CC-3E45-4F56-B661-F81F1E2E32A6}.Debug|iPhone.Build.0 = Debug|iPhone
		{DD0194CC-3E45-4F56-B661-F81F1E2E32A6}.Release|iPhone.ActiveCfg = Release|iPhone
		{DD0194CC-3E45-4F56-B661-F81F1E2E32A6}.Release|iPhone.Build.0 = Release|iPhone
		{DD0194CC-3E45-4F56-B661-F81F1E2E32A6}.Ad-Hoc|iPhone.ActiveCfg = Ad-Hoc|iPhone
		{DD0194CC-3E45-4F56-B661-F81F1E2E32A6}.Ad-Hoc|iPhone.Build.0 = Ad-Hoc|iPhone
		{DD0194CC-3E45-4F56-B661-F81F1E2E32A6}.AppStore|iPhone.ActiveCfg = AppStore|iPhone
		{DD0194CC-3E45-4F56-B661-F81F1E2E32A6}.AppStore|iPhone.Build.0 = AppStore|iPhone
		{D3C40BBB-36FE-440D-8411-C2A4D78ADF09}.Debug|Any CPU.ActiveCfg = Debug|Any CPU
		{D3C40BBB-36FE-440D-8411-C2A4D78ADF09}.Debug|Any CPU.Build.0 = Debug|Any CPU
		{D3C40BBB-36FE-440D-8411-C2A4D78ADF09}.Release|Any CPU.ActiveCfg = Release|Any CPU
		{D3C40BBB-36FE-440D-8411-C2A4D78ADF09}.Release|Any CPU.Build.0 = Release|Any CPU
		{D3C40BBB-36FE-440D-8411-C2A4D78ADF09}.Debug|iPhoneSimulator.ActiveCfg = Debug|Any CPU
		{D3C40BBB-36FE-440D-8411-C2A4D78ADF09}.Debug|iPhoneSimulator.Build.0 = Debug|Any CPU
		{D3C40BBB-36FE-440D-8411-C2A4D78ADF09}.Release|iPhoneSimulator.ActiveCfg = Release|Any CPU
		{D3C40BBB-36FE-440D-8411-C2A4D78ADF09}.Release|iPhoneSimulator.Build.0 = Release|Any CPU
		{D3C40BBB-36FE-440D-8411-C2A4D78ADF09}.Debug|iPhone.ActiveCfg = Debug|Any CPU
		{D3C40BBB-36FE-440D-8411-C2A4D78ADF09}.Debug|iPhone.Build.0 = Debug|Any CPU
		{D3C40BBB-36FE-440D-8411-C2A4D78ADF09}.Release|iPhone.ActiveCfg = Release|Any CPU
		{D3C40BBB-36FE-440D-8411-C2A4D78ADF09}.Release|iPhone.Build.0 = Release|Any CPU
		{D3C40BBB-36FE-440D-8411-C2A4D78ADF09}.Ad-Hoc|iPhone.ActiveCfg = Debug|Any CPU
		{D3C40BBB-36FE-440D-8411-C2A4D78ADF09}.Ad-Hoc|iPhone.Build.0 = Debug|Any CPU
		{D3C40BBB-36FE-440D-8411-C2A4D78ADF09}.AppStore|iPhone.ActiveCfg = Debug|Any CPU
		{D3C40BBB-36FE-440D-8411-C2A4D78ADF09}.AppStore|iPhone.Build.0 = Debug|Any CPU
	EndGlobalSection
EndGlobal
